{
	"name": "codex-multi-auth",
	"version": "1.3.1",
	"lockfileVersion": 3,
	"requires": true,
	"packages": {
		"": {
			"name": "codex-multi-auth",
			"version": "1.3.1",
			"bundleDependencies": [
				"@codex-ai/plugin"
			],
			"license": "MIT",
			"dependencies": {
				"@codex-ai/plugin": "file:vendor/codex-ai-plugin",
				"@openauthjs/openauth": "^0.4.3",
				"hono": "4.12.14",
				"undici": "^6.24.1",
				"zod": "^4.3.6"
			},
			"bin": {
				"codex": "scripts/codex.js",
				"codex-multi-auth": "scripts/codex-multi-auth.js"
			},
			"devDependencies": {
				"@codex-ai/sdk": "file:vendor/codex-ai-sdk",
				"@fast-check/vitest": "^0.2.4",
				"@types/node": "^25.3.0",
				"@typescript-eslint/eslint-plugin": "^8.56.0",
				"@typescript-eslint/parser": "^8.56.0",
				"@vitest/coverage-v8": "^4.0.18",
				"@vitest/ui": "^4.0.18",
				"eslint": "^10.0.0",
				"fast-check": "^4.5.3",
				"husky": "^9.1.7",
				"lint-staged": "^16.2.7",
				"typescript": "^5.9.3",
				"typescript-language-server": "^5.1.3",
				"vitest": "^4.0.18"
			},
			"engines": {
				"node": ">=18.0.0"
			},
			"files": [
				"dist/",
				"assets/",
				"config/",
				"scripts/",
				"vendor/codex-ai-plugin/",
				"vendor/codex-ai-sdk/",
				"README.md",
				"LICENSE"
			],
			"peerDependencies": {
				"typescript": "^5"
			},
			"bundleDependencies": [
				"@codex-ai/plugin"
			]
		},
		"node_modules/@ampproject/remapping": {
			"version": "2.3.0",
			"resolved": "https://registry.npmjs.org/@ampproject/remapping/-/remapping-2.3.0.tgz",
			"integrity": "sha512-30iZtAP61Q4S5/n9JOFf6zx3lXjJ0eUZeTL3s6w5IBwgU4iPocZ4vV/6vTUqXShS5j/2Z1qeqt98CaMyX4L4nQ==",
			"dev": true,
			"license": "Apache-2.0",
			"dependencies": {
				"@jridgewell/gen-mapping": "^0.3.5",
				"@jridgewell/trace-mapping": "^0.3.24"
			},
			"engines": {
				"node": ">=6.0.0"
			}
		},
		"node_modules/@babel/code-frame": {
			"version": "7.27.1",
			"resolved": "https://registry.npmjs.org/@babel/code-frame/-/code-frame-7.27.1.tgz",
			"integrity": "sha512-cjQ7ZlQ0Mv3b47hABuTevyTuYN4i+loJKGeV9flcCgIK37cCXRh+L1bd3iBHlynerhQ7BhCkn2BPbQUL+rGqFg==",
			"dev": true,
			"license": "MIT",
			"dependencies": {
				"@babel/helper-validator-identifier": "^7.27.1",
				"js-tokens": "^4.0.0",
				"picocolors": "^1.1.1"
			},
			"engines": {
				"node": ">=6.9.0"
			}
		},
		"node_modules/@babel/compat-data": {
			"version": "7.28.4",
			"resolved": "https://registry.npmjs.org/@babel/compat-data/-/compat-data-7.28.4.tgz",
			"integrity": "sha512-YsmSKC29MJwf0gF8Rjjrg5LQCmyh+j/nD8/eP7f+BeoQTKYqs9RoWbjGOdy0+1Ekr68RJZMUOPVQaQisnIo4Rw==",
			"dev": true,
			"license": "MIT",
			"engines": {
				"node": ">=6.9.0"
			}
		},
		"node_modules/@babel/core": {
			"version": "7.28.4",
			"resolved": "https://registry.npmjs.org/@babel/core/-/core-7.28.4.tgz",
			"integrity": "sha512-2BCOP7TN8M+gVDj7/ht3hsaO/B/n5oDbiAyyvnRlNOs+u1o+JWNYTQrmpuNp1/Wq2gcFrI01JAW+paEKDMx/CA==",
			"dev": true,
			"license": "MIT",
			"dependencies": {
				"@ampproject/remapping": "^2.2.0",
				"@babel/code-frame": "^7.27.1",
				"@babel/generator": "^7.28.3",
				"@babel/helper-compilation-targets": "^7.27.2",
				"@babel/helper-module-transforms": "^7.28.3",
				"@babel/helpers": "^7.28.4",
				"@babel/parser": "^7.28.4",
				"@babel/template": "^7.27.2",
				"@babel/traverse": "^7.28.4",
				"@babel/types": "^7.28.4",
				"convert-source-map": "^2.0.0",
				"debug": "^4.1.0",
				"gensync": "^1.0.0-beta.2",
				"json5": "^2.2.3",
				"semver": "^6.3.1"
			},
			"engines": {
				"node": ">=6.9.0"
			},
			"funding": {
				"type": "opencollective",
				"url": "https://opencollective.com/babel"
			}
		}
	}
}
